
Microsoft Visual Studio Solution File, Format Version 11.00
# Visual C# Express 2010
Project("{FAE04EC0-301F-11D3-BF4B-00C04F79EFBC}") = "mab.lib.SimpleMapper", "mab.lib.SimpleMapper\mab.lib.SimpleMapper.csproj", "{550D0F72-723C-4ECC-849B-61EE4FEA8CFA}"
EndProject
Project("{FAE04EC0-301F-11D3-BF4B-00C04F79EFBC}") = "mab.lib.SimpleMapper.Test", "mab.lib.SimpleMapper.Test\mab.lib.SimpleMapper.Test.csproj", "{C9B69D76-0467-4F2C-90D9-624D5A242857}"
EndProject
Global
	GlobalSection(SolutionConfigurationPlatforms) = preSolution
		Debug|Any CPU = Debug|Any CPU
		Release|Any CPU = Release|Any CPU
	EndGlobalSection
	GlobalSection(ProjectConfigurationPlatforms) = postSolution
		{550D0F72-723C-4ECC-849B-61EE4FEA8CFA}.Debug|Any CPU.ActiveCfg = Debug|Any CPU
		{550D0F72-723C-4ECC-849B-61EE4FEA8CFA}.Debug|Any CPU.Build.0 = Debug|Any CPU
		{550D0F72-723C-4ECC-849B-61EE4FEA8CFA}.Release|Any CPU.ActiveCfg = Release|Any CPU
		{550D0F72-723C-4ECC-849B-61EE4FEA8CFA}.Release|Any CPU.Build.0 = Release|Any CPU
		{C9B69D76-0467-4F2C-90D9-624D5A242857}.Debug|Any CPU.ActiveCfg = Debug|Any CPU
		{C9B69D76-0467-4F2C-90D9-624D5A242857}.Debug|Any CPU.Build.0 = Debug|Any CPU
		{C9B69D76-0467-4F2C-90D9-624D5A242857}.Release|Any CPU.ActiveCfg = Release|Any CPU
		{C9B69D76-0467-4F2C-90D9-624D5A242857}.Release|Any CPU.Build.0 = Release|Any CPU
	EndGlobalSection
	GlobalSection(SolutionProperties) = preSolution
		HideSolutionNode = FALSE
	EndGlobalSection
EndGlobal
